{
  "name": "slackbot",
  "version": "1.0.0",
  "lockfileVersion": 1,
  "requires": true,
  "dependencies": {
    "@slack/interactive-messages": {
      "version": "1.3.0",
      "resolved": "https://proget2.firmglobal.com/npm/confirmit-npm/@slack/interactive-messages/-/interactive-messages-1.3.0.tgz",
      "integrity": "sha512-AMFQYuS2RTywTNAz8XqEdKpZTKozrS6BCtFoYHfJbxqsQQb7WnnxvdWxWmVk9Ih82+ASrJNlg/INVC7tu1lBIA==",
      "requires": {
        "@types/debug": "^4.1.4",
        "@types/express": "^4.17.0",
        "@types/lodash.isfunction": "^3.0.6",
        "@types/lodash.isregexp": "^4.0.6",
        "@types/lodash.isstring": "^4.0.6",
        "@types/node": ">=4.2.0",
        "axios": "^0.18.0",
        "debug": "^3.1.0",
        "lodash.isfunction": "^3.0.9",
        "lodash.isplainobject": "^4.0.6",
        "lodash.isregexp": "^4.0.1",
        "lodash.isstring": "^4.0.1",
        "raw-body": "^2.3.3",
        "tsscmp": "^1.0.6"
      },
      "dependencies": {
        "debug": {
          "version": "3.2.6",
          "resolved": "https://proget2.firmglobal.com/npm/confirmit-npm/debug/-/debug-3.2.6.tgz",
          "integrity": "sha1-6D0X3hbYp++3cX7b5fsQE17uYps=",
          "requires": {
            "ms": "^2.1.1"
          }
        },
        "ms": {
          "version": "2.1.2",
          "resolved": "https://proget2.firmglobal.com/npm/confirmit-npm/ms/-/ms-2.1.2.tgz",
          "integrity": "sha1-0J0fNXtEP0kzgqjrPM0YOHKuYAk="
        }
      }
    },
    "@slack/logger": {
      "version": "1.0.0",
      "resolved": "https://proget2.firmglobal.com/npm/confirmit-npm/@slack/logger/-/logger-1.0.0.tgz",
      "integrity": "sha512-QDYhQR/58xKfB5iquvQwfpxPsmKPP/5SuDp8hRhZeUluCHsP1qBCOc3sW2Xb3cydxK0PAEnkLbBJf/ezsGwtlA==",
      "requires": {
        "@types/node": ">=8.9.0"
      }
    },
    "@slack/rtm-api": {
      "version": "5.0.2",
      "resolved": "https://proget2.firmglobal.com/npm/confirmit-npm/@slack/rtm-api/-/rtm-api-5.0.2.tgz",
      "integrity": "sha512-eKQM3RD5TM4G0+nGsL9NJUT4g9khdI9ACJjbPjHO2cq+KsB1rClct1zNWdF40E8QtlpOL5F9/dSap+H4UHlcRA==",
      "requires": {
        "@slack/logger": "^1.0.0",
        "@slack/web-api": "^5.1.0",
        "@types/node": ">=8.9.0",
        "@types/p-queue": "^2.3.2",
        "@types/ws": "^5.1.1",
        "eventemitter3": "^3.1.0",
        "finity": "^0.5.4",
        "p-cancelable": "^1.1.0",
        "p-queue": "^2.4.2",
        "ws": "^5.2.0"
      },
      "dependencies": {
        "ws": {
          "version": "5.2.2",
          "resolved": "https://proget2.firmglobal.com/npm/confirmit-npm/ws/-/ws-5.2.2.tgz",
          "integrity": "sha1-3/7xSGa46NyRM1glFNG++vlumA8=",
          "requires": {
            "async-limiter": "~1.0.0"
          }
        }
      }
    },
    "@slack/types": {
      "version": "1.1.0",
      "resolved": "https://proget2.firmglobal.com/npm/confirmit-npm/@slack/types/-/types-1.1.0.tgz",
      "integrity": "sha1-ZEZbbH4ttmSY8zWTQzXagcFYEuc="
    },
    "@slack/web-api": {
      "version": "5.1.0",
      "resolved": "https://proget2.firmglobal.com/npm/confirmit-npm/@slack/web-api/-/web-api-5.1.0.tgz",
      "integrity": "sha1-zgTg3wiDHZ7FQn3wq7P0YcP4ovU=",
      "requires": {
        "@slack/logger": "^1.0.0",
        "@slack/types": "^1.1.0",
        "@types/is-stream": "^1.1.0",
        "@types/node": ">=8.9.0",
        "@types/p-queue": "^2.3.2",
        "axios": "^0.18.0",
        "eventemitter3": "^3.1.0",
        "form-data": "^2.5.0",
        "is-stream": "^1.1.0",
        "p-queue": "^2.4.2",
        "p-retry": "^4.0.0"
      },
      "dependencies": {
        "form-data": {
          "version": "2.5.1",
          "resolved": "https://proget2.firmglobal.com/npm/confirmit-npm/form-data/-/form-data-2.5.1.tgz",
          "integrity": "sha1-8svsV7XlniNxbhKP5E1OXdI4lfQ=",
          "requires": {
            "asynckit": "^0.4.0",
            "combined-stream": "^1.0.6",
            "mime-types": "^2.1.12"
          }
        }
      }
    },
    "@types/body-parser": {
      "version": "1.17.1",
      "resolved": "https://proget2.firmglobal.com/npm/confirmit-npm/@types/body-parser/-/body-parser-1.17.1.tgz",
      "integrity": "sha1-GPz2F2j7XDDMxQjCHW/S6LO/eJc=",
      "requires": {
        "@types/connect": "*",
        "@types/node": "*"
      }
    },
    "@types/connect": {
      "version": "3.4.32",
      "resolved": "https://proget2.firmglobal.com/npm/confirmit-npm/@types/connect/-/connect-3.4.32.tgz",
      "integrity": "sha1-qg6WFrlDXMrQK8UrW0VP/Cxwuig=",
      "requires": {
        "@types/node": "*"
      }
    },
    "@types/debug": {
      "version": "4.1.5",
      "resolved": "https://proget2.firmglobal.com/npm/confirmit-npm/@types/debug/-/debug-4.1.5.tgz",
      "integrity": "sha1-sU76iFK3do2JiQZhPCP2iHE+As0="
    },
    "@types/events": {
      "version": "3.0.0",
      "resolved": "https://proget2.firmglobal.com/npm/confirmit-npm/@types/events/-/events-3.0.0.tgz",
      "integrity": "sha1-KGLz9Yqaf3w+eNefEw3U1xwlwqc="
    },
    "@types/express": {
      "version": "4.17.1",
      "resolved": "https://proget2.firmglobal.com/npm/confirmit-npm/@types/express/-/express-4.17.1.tgz",
      "integrity": "sha1-TPeEmuO0cSWlZ9/uGL/KQlS4jFw=",
      "requires": {
        "@types/body-parser": "*",
        "@types/express-serve-static-core": "*",
        "@types/serve-static": "*"
      }
    },
    "@types/express-serve-static-core": {
      "version": "4.16.9",
      "resolved": "https://proget2.firmglobal.com/npm/confirmit-npm/@types/express-serve-static-core/-/express-serve-static-core-4.16.9.tgz",
      "integrity": "sha1-aeAGQ7CBmwJL3t6VztP/I5u1RVg=",
      "requires": {
        "@types/node": "*",
        "@types/range-parser": "*"
      }
    },
    "@types/is-stream": {
      "version": "1.1.0",
      "resolved": "https://proget2.firmglobal.com/npm/confirmit-npm/@types/is-stream/-/is-stream-1.1.0.tgz",
      "integrity": "sha1-uE17sgeiEPKvm+1DHcD76cQUO+E=",
      "requires": {
        "@types/node": "*"
      }
    },
    "@types/lodash": {
      "version": "4.14.138",
      "resolved": "https://proget2.firmglobal.com/npm/confirmit-npm/@types/lodash/-/lodash-4.14.138.tgz",
      "integrity": "sha1-NPUmQNc1gjAwg0TlecFbN42RmJ4="
    },
    "@types/lodash.isfunction": {
      "version": "3.0.6",
      "resolved": "https://proget2.firmglobal.com/npm/confirmit-npm/@types/lodash.isfunction/-/lodash.isfunction-3.0.6.tgz",
      "integrity": "sha1-SwQL+RQInsNPCqz++Bo3I3oKi48=",
      "requires": {
        "@types/lodash": "*"
      }
    },
    "@types/lodash.isregexp": {
      "version": "4.0.6",
      "resolved": "https://proget2.firmglobal.com/npm/confirmit-npm/@types/lodash.isregexp/-/lodash.isregexp-4.0.6.tgz",
      "integrity": "sha512-+MxWeayd6d0xdLuLA6T3kY7uNdfHH82m4gsxgpcQkpHcqEmXJiTWDrfUhDdlmErAn6tlj5zhjKsV0mQEkfJcfA==",
      "requires": {
        "@types/lodash": "*"
      }
    },
    "@types/lodash.isstring": {
      "version": "4.0.6",
      "resolved": "https://proget2.firmglobal.com/npm/confirmit-npm/@types/lodash.isstring/-/lodash.isstring-4.0.6.tgz",
      "integrity": "sha1-FTTQwZoq15yqF1WKKY42aJP/0Iw=",
      "requires": {
        "@types/lodash": "*"
      }
    },
    "@types/mime": {
      "version": "2.0.1",
      "resolved": "https://proget2.firmglobal.com/npm/confirmit-npm/@types/mime/-/mime-2.0.1.tgz",
      "integrity": "sha1-3EiIQjEqfwdRSTEpBbXjwLBUx50="
    },
    "@types/node": {
      "version": "12.7.3",
      "resolved": "https://proget2.firmglobal.com/npm/confirmit-npm/@types/node/-/node-12.7.3.tgz",
      "integrity": "sha1-J7P0Ct2vL1gEWf20BSImhVQvkHo="
    },
    "@types/p-queue": {
      "version": "2.3.2",
      "resolved": "https://proget2.firmglobal.com/npm/confirmit-npm/@types/p-queue/-/p-queue-2.3.2.tgz",
      "integrity": "sha1-Frxf7Oae+F768rzosT8+vjnFocg="
    },
    "@types/range-parser": {
      "version": "1.2.3",
      "resolved": "https://proget2.firmglobal.com/npm/confirmit-npm/@types/range-parser/-/range-parser-1.2.3.tgz",
      "integrity": "sha1-fuMwunyq+5gJC+zoal7kQRWQTCw="
    },
    "@types/retry": {
      "version": "0.12.0",
      "resolved": "https://proget2.firmglobal.com/npm/confirmit-npm/@types/retry/-/retry-0.12.0.tgz",
      "integrity": "sha1-KzXsz87n04zXKtmSMvvVi/+zyE0="
    },
    "@types/serve-static": {
      "version": "1.13.3",
      "resolved": "https://proget2.firmglobal.com/npm/confirmit-npm/@types/serve-static/-/serve-static-1.13.3.tgz",
      "integrity": "sha1-634cQcRGgnJVfol+kXHe1eLe2dE=",
      "requires": {
        "@types/express-serve-static-core": "*",
        "@types/mime": "*"
      }
    },
    "@types/ws": {
      "version": "5.1.2",
      "resolved": "https://proget2.firmglobal.com/npm/confirmit-npm/@types/ws/-/ws-5.1.2.tgz",
      "integrity": "sha1-8C07HNRtt2hnNPPOg730bEnezWQ=",
      "requires": {
        "@types/events": "*",
        "@types/node": "*"
      }
    },
    "accepts": {
      "version": "1.3.7",
      "resolved": "https://proget2.firmglobal.com/npm/confirmit-npm/accepts/-/accepts-1.3.7.tgz",
      "integrity": "sha1-UxvHJlF6OytB+FACHGzBXqq1B80=",
      "requires": {
        "mime-types": "~2.1.24",
        "negotiator": "0.6.2"
      }
    },
    "ajv": {
      "version": "6.10.2",
      "resolved": "https://proget2.firmglobal.com/npm/confirmit-npm/ajv/-/ajv-6.10.2.tgz",
      "integrity": "sha1-086gTWsBeyiUrWkED+yLYj60vVI=",
      "requires": {
        "fast-deep-equal": "^2.0.1",
        "fast-json-stable-stringify": "^2.0.0",
        "json-schema-traverse": "^0.4.1",
        "uri-js": "^4.2.2"
      }
    },
    "array-flatten": {
      "version": "1.1.1",
      "resolved": "https://proget2.firmglobal.com/npm/confirmit-npm/array-flatten/-/array-flatten-1.1.1.tgz",
      "integrity": "sha1-ml9pkFGx5wczKPKgCJaLZOopVdI="
    },
    "asn1": {
      "version": "0.2.4",
      "resolved": "https://proget2.firmglobal.com/npm/confirmit-npm/asn1/-/asn1-0.2.4.tgz",
      "integrity": "sha1-jSR136tVO7M+d7VOWeiAu4ziMTY=",
      "requires": {
        "safer-buffer": "~2.1.0"
      }
    },
    "assert-plus": {
      "version": "1.0.0",
      "resolved": "https://proget2.firmglobal.com/npm/confirmit-npm/assert-plus/-/assert-plus-1.0.0.tgz",
      "integrity": "sha1-8S4PPF13sLHN2RRpQuTpbB5N1SU="
    },
    "async-limiter": {
      "version": "1.0.1",
      "resolved": "https://proget2.firmglobal.com/npm/confirmit-npm/async-limiter/-/async-limiter-1.0.1.tgz",
      "integrity": "sha1-3TeelPDbgxCwgpH51kwyCXZmF/0="
    },
    "asynckit": {
      "version": "0.4.0",
      "resolved": "https://proget2.firmglobal.com/npm/confirmit-npm/asynckit/-/asynckit-0.4.0.tgz",
      "integrity": "sha1-x57Zf380y48robyXkLzDZkdLS3k="
    },
    "aws-sign2": {
      "version": "0.7.0",
      "resolved": "https://proget2.firmglobal.com/npm/confirmit-npm/aws-sign2/-/aws-sign2-0.7.0.tgz",
      "integrity": "sha1-tG6JCTSpWR8tL2+G1+ap8bP+dqg="
    },
    "aws4": {
      "version": "1.8.0",
      "resolved": "https://proget2.firmglobal.com/npm/confirmit-npm/aws4/-/aws4-1.8.0.tgz",
      "integrity": "sha1-8OAD2cqef1nHpQiUXXsu+aBKVC8="
    },
    "axios": {
      "version": "0.18.1",
      "resolved": "https://proget2.firmglobal.com/npm/confirmit-npm/axios/-/axios-0.18.1.tgz",
      "integrity": "sha1-/z8N4ue10YDnV62YAA8Qgbh7zqM=",
      "requires": {
        "follow-redirects": "1.5.10",
        "is-buffer": "^2.0.2"
      }
    },
    "bcrypt-pbkdf": {
      "version": "1.0.2",
      "resolved": "https://proget2.firmglobal.com/npm/confirmit-npm/bcrypt-pbkdf/-/bcrypt-pbkdf-1.0.2.tgz",
      "integrity": "sha1-pDAdOJtqQ/m2f/PKEaP2Y342Dp4=",
      "requires": {
        "tweetnacl": "^0.14.3"
      }
    },
    "body-parser": {
      "version": "1.19.0",
      "resolved": "https://proget2.firmglobal.com/npm/confirmit-npm/body-parser/-/body-parser-1.19.0.tgz",
      "integrity": "sha1-lrJwnlfJxOCab9Zqj9l5hE9p8Io=",
      "requires": {
        "bytes": "3.1.0",
        "content-type": "~1.0.4",
        "debug": "2.6.9",
        "depd": "~1.1.2",
        "http-errors": "1.7.2",
        "iconv-lite": "0.4.24",
        "on-finished": "~2.3.0",
        "qs": "6.7.0",
        "raw-body": "2.4.0",
        "type-is": "~1.6.17"
      },
      "dependencies": {
        "qs": {
          "version": "6.7.0",
          "resolved": "https://proget2.firmglobal.com/npm/confirmit-npm/qs/-/qs-6.7.0.tgz",
          "integrity": "sha1-QdwaAV49WB8WIXdr4xr7KHapsbw="
        }
      }
    },
    "bson": {
      "version": "1.1.1",
      "resolved": "https://proget2.firmglobal.com/npm/confirmit-npm/bson/-/bson-1.1.1.tgz",
      "integrity": "sha1-QzD16ZEExOdR5zUYWeLUCCefLxM="
    },
    "bytes": {
      "version": "3.1.0",
      "resolved": "https://proget2.firmglobal.com/npm/confirmit-npm/bytes/-/bytes-3.1.0.tgz",
      "integrity": "sha1-9s95M6Ng4FiPqf3oVlHNx/gF0fY="
    },
    "caseless": {
      "version": "0.12.0",
      "resolved": "https://proget2.firmglobal.com/npm/confirmit-npm/caseless/-/caseless-0.12.0.tgz",
      "integrity": "sha1-G2gcIf+EAzyCZUMJBolCDRhxUdw="
    },
    "combined-stream": {
      "version": "1.0.8",
      "resolved": "https://proget2.firmglobal.com/npm/confirmit-npm/combined-stream/-/combined-stream-1.0.8.tgz",
      "integrity": "sha1-w9RaizT9cwYxoRCoolIGgrMdWn8=",
      "requires": {
        "delayed-stream": "~1.0.0"
      }
    },
    "content-disposition": {
      "version": "0.5.3",
      "resolved": "https://proget2.firmglobal.com/npm/confirmit-npm/content-disposition/-/content-disposition-0.5.3.tgz",
      "integrity": "sha1-4TDK9+cnkIfFYWwgB9BIVpiYT70=",
      "requires": {
        "safe-buffer": "5.1.2"
      },
      "dependencies": {
        "safe-buffer": {
          "version": "5.1.2",
          "resolved": "https://proget2.firmglobal.com/npm/confirmit-npm/safe-buffer/-/safe-buffer-5.1.2.tgz",
          "integrity": "sha1-mR7GnSluAxN0fVm9/St0XDX4go0="
        }
      }
    },
    "content-type": {
      "version": "1.0.4",
      "resolved": "https://proget2.firmglobal.com/npm/confirmit-npm/content-type/-/content-type-1.0.4.tgz",
      "integrity": "sha1-4TjMdeBAxyexlm/l5fjJruJW/js="
    },
    "cookie": {
      "version": "0.4.0",
      "resolved": "https://proget2.firmglobal.com/npm/confirmit-npm/cookie/-/cookie-0.4.0.tgz",
      "integrity": "sha1-vrQ35wIrO21JAZ0IhmUwPr6cFLo="
    },
    "cookie-signature": {
      "version": "1.0.6",
      "resolved": "https://proget2.firmglobal.com/npm/confirmit-npm/cookie-signature/-/cookie-signature-1.0.6.tgz",
      "integrity": "sha1-4wOogrNCzD7oylE6eZmXNNqzriw="
    },
    "core-util-is": {
      "version": "1.0.2",
      "resolved": "https://proget2.firmglobal.com/npm/confirmit-npm/core-util-is/-/core-util-is-1.0.2.tgz",
      "integrity": "sha1-tf1UIgqivFq1eqtxQMlAdUUDwac="
    },
    "dashdash": {
      "version": "1.14.1",
      "resolved": "https://proget2.firmglobal.com/npm/confirmit-npm/dashdash/-/dashdash-1.14.1.tgz",
      "integrity": "sha1-hTz6D3y+L+1d4gMmuN1YEDX24vA=",
      "requires": {
        "assert-plus": "^1.0.0"
      }
    },
    "debug": {
      "version": "2.6.9",
      "resolved": "https://proget2.firmglobal.com/npm/confirmit-npm/debug/-/debug-2.6.9.tgz",
      "integrity": "sha1-XRKFFd8TT/Mn6QpMk/Tgd6U2NB8=",
      "requires": {
        "ms": "2.0.0"
      }
    },
    "delayed-stream": {
      "version": "1.0.0",
      "resolved": "https://proget2.firmglobal.com/npm/confirmit-npm/delayed-stream/-/delayed-stream-1.0.0.tgz",
      "integrity": "sha1-3zrhmayt+31ECqrgsp4icrJOxhk="
    },
    "depd": {
      "version": "1.1.2",
      "resolved": "https://proget2.firmglobal.com/npm/confirmit-npm/depd/-/depd-1.1.2.tgz",
      "integrity": "sha1-m81S4UwJd2PnSbJ0xDRu0uVgtak="
    },
    "destroy": {
      "version": "1.0.4",
      "resolved": "https://proget2.firmglobal.com/npm/confirmit-npm/destroy/-/destroy-1.0.4.tgz",
      "integrity": "sha1-l4hXRCxEdJ5CBmE+N5RiBYJqvYA="
    },
    "dotenv": {
      "version": "8.1.0",
      "resolved": "https://proget2.firmglobal.com/npm/confirmit-npm/dotenv/-/dotenv-8.1.0.tgz",
      "integrity": "sha1-2BHheGUr+4oeWTxt1wTsfpDYXqI="
    },
    "ecc-jsbn": {
      "version": "0.1.2",
      "resolved": "https://proget2.firmglobal.com/npm/confirmit-npm/ecc-jsbn/-/ecc-jsbn-0.1.2.tgz",
      "integrity": "sha1-OoOpBOVDUyh4dMVkt1SThoSamMk=",
      "requires": {
        "jsbn": "~0.1.0",
        "safer-buffer": "^2.1.0"
      }
    },
    "ee-first": {
      "version": "1.1.1",
      "resolved": "https://proget2.firmglobal.com/npm/confirmit-npm/ee-first/-/ee-first-1.1.1.tgz",
      "integrity": "sha1-WQxhFWsK4vTwJVcyoViyZrxWsh0="
    },
    "encodeurl": {
      "version": "1.0.2",
      "resolved": "https://proget2.firmglobal.com/npm/confirmit-npm/encodeurl/-/encodeurl-1.0.2.tgz",
      "integrity": "sha1-rT/0yG7C0CkyL1oCw6mmBslbP1k="
    },
    "escape-html": {
      "version": "1.0.3",
      "resolved": "https://proget2.firmglobal.com/npm/confirmit-npm/escape-html/-/escape-html-1.0.3.tgz",
      "integrity": "sha1-Aljq5NPQwJdN4cFpGI7wBR0dGYg="
    },
    "etag": {
      "version": "1.8.1",
      "resolved": "https://proget2.firmglobal.com/npm/confirmit-npm/etag/-/etag-1.8.1.tgz",
      "integrity": "sha1-Qa4u62XvpiJorr/qg6x9eSmbCIc="
    },
    "eventemitter3": {
      "version": "3.1.2",
      "resolved": "https://proget2.firmglobal.com/npm/confirmit-npm/eventemitter3/-/eventemitter3-3.1.2.tgz",
      "integrity": "sha1-LT1I+cNGaY/Og6hdfWZOmFNd9uc="
    },
    "express": {
      "version": "4.17.1",
      "resolved": "https://proget2.firmglobal.com/npm/confirmit-npm/express/-/express-4.17.1.tgz",
      "integrity": "sha1-RJH8OGBc9R+GKdOcK10Cb5ikwTQ=",
      "requires": {
        "accepts": "~1.3.7",
        "array-flatten": "1.1.1",
        "body-parser": "1.19.0",
        "content-disposition": "0.5.3",
        "content-type": "~1.0.4",
        "cookie": "0.4.0",
        "cookie-signature": "1.0.6",
        "debug": "2.6.9",
        "depd": "~1.1.2",
        "encodeurl": "~1.0.2",
        "escape-html": "~1.0.3",
        "etag": "~1.8.1",
        "finalhandler": "~1.1.2",
        "fresh": "0.5.2",
        "merge-descriptors": "1.0.1",
        "methods": "~1.1.2",
        "on-finished": "~2.3.0",
        "parseurl": "~1.3.3",
        "path-to-regexp": "0.1.7",
        "proxy-addr": "~2.0.5",
        "qs": "6.7.0",
        "range-parser": "~1.2.1",
        "safe-buffer": "5.1.2",
        "send": "0.17.1",
        "serve-static": "1.14.1",
        "setprototypeof": "1.1.1",
        "statuses": "~1.5.0",
        "type-is": "~1.6.18",
        "utils-merge": "1.0.1",
        "vary": "~1.1.2"
      },
      "dependencies": {
        "qs": {
          "version": "6.7.0",
          "resolved": "https://proget2.firmglobal.com/npm/confirmit-npm/qs/-/qs-6.7.0.tgz",
          "integrity": "sha1-QdwaAV49WB8WIXdr4xr7KHapsbw="
        },
        "safe-buffer": {
          "version": "5.1.2",
          "resolved": "https://proget2.firmglobal.com/npm/confirmit-npm/safe-buffer/-/safe-buffer-5.1.2.tgz",
          "integrity": "sha1-mR7GnSluAxN0fVm9/St0XDX4go0="
        }
      }
    },
    "extend": {
      "version": "2.0.2",
      "resolved": "https://proget2.firmglobal.com/npm/confirmit-npm/extend/-/extend-2.0.2.tgz",
      "integrity": "sha1-G3SYVAAXG4VVSJRFnJeN5u9FOrc="
    },
    "extsprintf": {
      "version": "1.3.0",
      "resolved": "https://proget2.firmglobal.com/npm/confirmit-npm/extsprintf/-/extsprintf-1.3.0.tgz",
      "integrity": "sha1-lpGEQOMEGnpBT4xS48V06zw+HgU="
    },
    "fast-deep-equal": {
      "version": "2.0.1",
      "resolved": "https://proget2.firmglobal.com/npm/confirmit-npm/fast-deep-equal/-/fast-deep-equal-2.0.1.tgz",
      "integrity": "sha1-ewUhjd+WZ79/Nwv3/bLLFf3Qqkk="
    },
    "fast-json-stable-stringify": {
      "version": "2.0.0",
      "resolved": "https://proget2.firmglobal.com/npm/confirmit-npm/fast-json-stable-stringify/-/fast-json-stable-stringify-2.0.0.tgz",
      "integrity": "sha1-1RQsDK7msRifh9OnYREGT4bIu/I="
    },
    "finalhandler": {
      "version": "1.1.2",
      "resolved": "https://proget2.firmglobal.com/npm/confirmit-npm/finalhandler/-/finalhandler-1.1.2.tgz",
      "integrity": "sha1-t+fQAP/RGTjQ/bBTUG9uur6fWH0=",
      "requires": {
        "debug": "2.6.9",
        "encodeurl": "~1.0.2",
        "escape-html": "~1.0.3",
        "on-finished": "~2.3.0",
        "parseurl": "~1.3.3",
        "statuses": "~1.5.0",
        "unpipe": "~1.0.0"
      }
    },
    "finity": {
      "version": "0.5.4",
      "resolved": "https://proget2.firmglobal.com/npm/confirmit-npm/finity/-/finity-0.5.4.tgz",
      "integrity": "sha1-8qipGY6ChkZzKOwyyL/MGaIinBE="
    },
    "follow-redirects": {
      "version": "1.5.10",
      "resolved": "https://proget2.firmglobal.com/npm/confirmit-npm/follow-redirects/-/follow-redirects-1.5.10.tgz",
      "integrity": "sha1-e3qfmuov3/NnhqlP9kPtB/T/Xio=",
      "requires": {
        "debug": "=3.1.0"
      },
      "dependencies": {
        "debug": {
          "version": "3.1.0",
          "resolved": "https://proget2.firmglobal.com/npm/confirmit-npm/debug/-/debug-3.1.0.tgz",
          "integrity": "sha1-W7WgZyYotkFJVmuhaBnmFRjGcmE=",
          "requires": {
            "ms": "2.0.0"
          }
        }
      }
    },
    "forever-agent": {
      "version": "0.6.1",
      "resolved": "https://proget2.firmglobal.com/npm/confirmit-npm/forever-agent/-/forever-agent-0.6.1.tgz",
      "integrity": "sha1-+8cfDEGt6zf5bFd60e1C2P2sypE="
    },
    "form-data": {
      "version": "2.3.3",
      "resolved": "https://proget2.firmglobal.com/npm/confirmit-npm/form-data/-/form-data-2.3.3.tgz",
      "integrity": "sha1-3M5SwF9kTymManq5Nr1yTO/786Y=",
      "requires": {
        "asynckit": "^0.4.0",
        "combined-stream": "^1.0.6",
        "mime-types": "^2.1.12"
      }
    },
    "forwarded": {
      "version": "0.1.2",
      "resolved": "https://proget2.firmglobal.com/npm/confirmit-npm/forwarded/-/forwarded-0.1.2.tgz",
      "integrity": "sha1-mMI9qxF1ZXuMBXPozszZGw/xjIQ="
    },
    "fresh": {
      "version": "0.5.2",
      "resolved": "https://proget2.firmglobal.com/npm/confirmit-npm/fresh/-/fresh-0.5.2.tgz",
      "integrity": "sha1-PYyt2Q2XZWn6g1qx+OSyOhBWBac="
    },
    "getpass": {
      "version": "0.1.7",
      "resolved": "https://proget2.firmglobal.com/npm/confirmit-npm/getpass/-/getpass-0.1.7.tgz",
      "integrity": "sha1-Xv+OPmhNVprkyysSgmBOi6YhSfo=",
      "requires": {
        "assert-plus": "^1.0.0"
      }
    },
    "har-schema": {
      "version": "2.0.0",
      "resolved": "https://proget2.firmglobal.com/npm/confirmit-npm/har-schema/-/har-schema-2.0.0.tgz",
      "integrity": "sha1-qUwiJOvKwEeCoNkDVSHyRzW37JI="
    },
    "har-validator": {
      "version": "5.1.3",
      "resolved": "https://proget2.firmglobal.com/npm/confirmit-npm/har-validator/-/har-validator-5.1.3.tgz",
      "integrity": "sha1-HvievT5JllV2de7ZiTEQ3DUPoIA=",
      "requires": {
        "ajv": "^6.5.5",
        "har-schema": "^2.0.0"
      }
    },
    "http-errors": {
      "version": "1.7.2",
      "resolved": "https://proget2.firmglobal.com/npm/confirmit-npm/http-errors/-/http-errors-1.7.2.tgz",
      "integrity": "sha1-T1ApzxMjnzEDblsuVSkrz7zIXI8=",
      "requires": {
        "depd": "~1.1.2",
        "inherits": "2.0.3",
        "setprototypeof": "1.1.1",
        "statuses": ">= 1.5.0 < 2",
        "toidentifier": "1.0.0"
      }
    },
    "http-signature": {
      "version": "1.2.0",
      "resolved": "https://proget2.firmglobal.com/npm/confirmit-npm/http-signature/-/http-signature-1.2.0.tgz",
      "integrity": "sha1-muzZJRFHcvPZW2WmCruPfBj7rOE=",
      "requires": {
        "assert-plus": "^1.0.0",
        "jsprim": "^1.2.2",
        "sshpk": "^1.7.0"
      }
    },
    "iconv-lite": {
      "version": "0.4.24",
      "resolved": "https://proget2.firmglobal.com/npm/confirmit-npm/iconv-lite/-/iconv-lite-0.4.24.tgz",
      "integrity": "sha1-ICK0sl+93CHS9SSXSkdKr+czkIs=",
      "requires": {
        "safer-buffer": ">= 2.1.2 < 3"
      }
    },
    "inherits": {
      "version": "2.0.3",
      "resolved": "https://proget2.firmglobal.com/npm/confirmit-npm/inherits/-/inherits-2.0.3.tgz",
      "integrity": "sha1-Yzwsg+PaQqUC9SRmAiSA9CCCYd4="
    },
    "ipaddr.js": {
      "version": "1.9.0",
      "resolved": "https://proget2.firmglobal.com/npm/confirmit-npm/ipaddr.js/-/ipaddr.js-1.9.0.tgz",
      "integrity": "sha1-N9905DCg5HVQ/lSi3v4w2KzZX2U="
    },
    "is-buffer": {
      "version": "2.0.3",
      "resolved": "https://proget2.firmglobal.com/npm/confirmit-npm/is-buffer/-/is-buffer-2.0.3.tgz",
      "integrity": "sha1-Ts8/z3ScvR5HJonhCaxmJhol5yU="
    },
    "is-stream": {
      "version": "1.1.0",
      "resolved": "https://proget2.firmglobal.com/npm/confirmit-npm/is-stream/-/is-stream-1.1.0.tgz",
      "integrity": "sha1-EtSj3U5o4Lec6428hBc66A2RykQ="
    },
    "is-typedarray": {
      "version": "1.0.0",
      "resolved": "https://proget2.firmglobal.com/npm/confirmit-npm/is-typedarray/-/is-typedarray-1.0.0.tgz",
      "integrity": "sha1-5HnICFjfDBsR3dppQPlgEfzaSpo="
    },
    "isstream": {
      "version": "0.1.2",
      "resolved": "https://proget2.firmglobal.com/npm/confirmit-npm/isstream/-/isstream-0.1.2.tgz",
      "integrity": "sha1-R+Y/evVa+m+S4VAOaQ64uFKcCZo="
    },
    "jsbn": {
      "version": "0.1.1",
      "resolved": "https://proget2.firmglobal.com/npm/confirmit-npm/jsbn/-/jsbn-0.1.1.tgz",
      "integrity": "sha1-peZUwuWi3rXyAdls77yoDA7y9RM="
    },
    "json-schema": {
      "version": "0.2.3",
      "resolved": "https://proget2.firmglobal.com/npm/confirmit-npm/json-schema/-/json-schema-0.2.3.tgz",
      "integrity": "sha1-tIDIkuWaLwWVTOcnvT8qTogvnhM="
    },
    "json-schema-traverse": {
      "version": "0.4.1",
      "resolved": "https://proget2.firmglobal.com/npm/confirmit-npm/json-schema-traverse/-/json-schema-traverse-0.4.1.tgz",
      "integrity": "sha1-afaofZUTq4u4/mO9sJecRI5oRmA="
    },
    "json-stringify-safe": {
      "version": "5.0.1",
      "resolved": "https://proget2.firmglobal.com/npm/confirmit-npm/json-stringify-safe/-/json-stringify-safe-5.0.1.tgz",
      "integrity": "sha1-Epai1Y/UXxmg9s4B1lcB4sc1tus="
    },
    "jsprim": {
      "version": "1.4.1",
      "resolved": "https://proget2.firmglobal.com/npm/confirmit-npm/jsprim/-/jsprim-1.4.1.tgz",
      "integrity": "sha1-MT5mvB5cwG5Di8G3SZwuXFastqI=",
      "requires": {
        "assert-plus": "1.0.0",
        "extsprintf": "1.3.0",
        "json-schema": "0.2.3",
        "verror": "1.10.0"
      }
    },
    "lodash": {
      "version": "4.17.15",
      "resolved": "https://proget2.firmglobal.com/npm/confirmit-npm/lodash/-/lodash-4.17.15.tgz",
      "integrity": "sha1-tEf2ZwoEVbv+7dETku/zMOoJdUg="
    },
    "lodash.isfunction": {
      "version": "3.0.9",
      "resolved": "https://proget2.firmglobal.com/npm/confirmit-npm/lodash.isfunction/-/lodash.isfunction-3.0.9.tgz",
      "integrity": "sha1-Bt4l302zJ6yTGYHRvbBn5a9o0FE="
    },
    "lodash.isplainobject": {
      "version": "4.0.6",
      "resolved": "https://proget2.firmglobal.com/npm/confirmit-npm/lodash.isplainobject/-/lodash.isplainobject-4.0.6.tgz",
      "integrity": "sha1-fFJqUtibRcRcxpC4gWO+BJf1UMs="
    },
    "lodash.isregexp": {
      "version": "4.0.1",
      "resolved": "https://proget2.firmglobal.com/npm/confirmit-npm/lodash.isregexp/-/lodash.isregexp-4.0.1.tgz",
      "integrity": "sha1-4T5kezDNVZdSoEzZEghvr32hwws="
    },
    "lodash.isstring": {
      "version": "4.0.1",
      "resolved": "https://proget2.firmglobal.com/npm/confirmit-npm/lodash.isstring/-/lodash.isstring-4.0.1.tgz",
      "integrity": "sha1-1SfftUVuynzJu5XV2ur4i6VKVFE="
    },
    "media-typer": {
      "version": "0.3.0",
      "resolved": "https://proget2.firmglobal.com/npm/confirmit-npm/media-typer/-/media-typer-0.3.0.tgz",
      "integrity": "sha1-hxDXrwqmJvj/+hzgAWhUUmMlV0g="
    },
    "merge-descriptors": {
      "version": "1.0.1",
      "resolved": "https://proget2.firmglobal.com/npm/confirmit-npm/merge-descriptors/-/merge-descriptors-1.0.1.tgz",
      "integrity": "sha1-sAqqVW3YtEVoFQ7J0blT8/kMu2E="
    },
    "methods": {
      "version": "1.1.2",
      "resolved": "https://proget2.firmglobal.com/npm/confirmit-npm/methods/-/methods-1.1.2.tgz",
      "integrity": "sha1-VSmk1nZUE07cxSZmVoNbD4Ua/O4="
    },
    "mime": {
      "version": "1.6.0",
      "resolved": "https://proget2.firmglobal.com/npm/confirmit-npm/mime/-/mime-1.6.0.tgz",
      "integrity": "sha1-Ms2eXGRVO9WNGaVor0Uqz/BJgbE="
    },
    "mime-db": {
      "version": "1.40.0",
      "resolved": "https://proget2.firmglobal.com/npm/confirmit-npm/mime-db/-/mime-db-1.40.0.tgz",
      "integrity": "sha1-plBX6ZjbCQ9zKmj2wnbTh9QSbDI="
    },
    "mime-types": {
      "version": "2.1.24",
      "resolved": "https://proget2.firmglobal.com/npm/confirmit-npm/mime-types/-/mime-types-2.1.24.tgz",
      "integrity": "sha1-tvjQs+lR77d97eyhlM/20W9nb4E=",
      "requires": {
        "mime-db": "1.40.0"
      }
    },
    "mongodb": {
      "version": "3.3.2",
      "resolved": "https://proget2.firmglobal.com/npm/confirmit-npm/mongodb/-/mongodb-3.3.2.tgz",
      "integrity": "sha1-/whrX1Us8H4kzgmGlCEPPULWaLI=",
      "requires": {
        "bson": "^1.1.1",
        "require_optional": "^1.0.1",
        "safe-buffer": "^5.1.2"
      }
    },
    "ms": {
      "version": "2.0.0",
      "resolved": "https://proget2.firmglobal.com/npm/confirmit-npm/ms/-/ms-2.0.0.tgz",
      "integrity": "sha1-VgiurfwAvmwpAd9fmGF4jeDVl8g="
    },
    "negotiator": {
      "version": "0.6.2",
      "resolved": "https://proget2.firmglobal.com/npm/confirmit-npm/negotiator/-/negotiator-0.6.2.tgz",
      "integrity": "sha1-/qz3zPUlp3rpY0Q2pkiD/+yjRvs="
    },
    "oauth-sign": {
      "version": "0.9.0",
      "resolved": "https://proget2.firmglobal.com/npm/confirmit-npm/oauth-sign/-/oauth-sign-0.9.0.tgz",
      "integrity": "sha1-R6ewFrqmi1+g7PPe4IqFxnmsZFU="
    },
    "on-finished": {
      "version": "2.3.0",
      "resolved": "https://proget2.firmglobal.com/npm/confirmit-npm/on-finished/-/on-finished-2.3.0.tgz",
      "integrity": "sha1-IPEzZIGwg811M3mSoWlxqi2QaUc=",
      "requires": {
        "ee-first": "1.1.1"
      }
    },
    "options": {
      "version": "0.0.6",
      "resolved": "https://proget2.firmglobal.com/npm/confirmit-npm/options/-/options-0.0.6.tgz",
      "integrity": "sha1-7CLTEoBrtT5zF3Pnza788cZDEo8="
    },
    "p-cancelable": {
      "version": "1.1.0",
      "resolved": "https://proget2.firmglobal.com/npm/confirmit-npm/p-cancelable/-/p-cancelable-1.1.0.tgz",
      "integrity": "sha1-0HjRWjr0CSIMiG8dmgyi5EGrJsw="
    },
    "p-queue": {
      "version": "2.4.2",
      "resolved": "https://proget2.firmglobal.com/npm/confirmit-npm/p-queue/-/p-queue-2.4.2.tgz",
      "integrity": "sha1-A2CYJmgrdDvpoi26JQUb1Gck/DQ="
    },
    "p-retry": {
      "version": "4.1.0",
      "resolved": "https://proget2.firmglobal.com/npm/confirmit-npm/p-retry/-/p-retry-4.1.0.tgz",
      "integrity": "sha1-nOfO8gaehL9ZDfO47BjXQBCTONY=",
      "requires": {
        "@types/retry": "^0.12.0",
        "retry": "^0.12.0"
      }
    },
    "parseurl": {
      "version": "1.3.3",
      "resolved": "https://proget2.firmglobal.com/npm/confirmit-npm/parseurl/-/parseurl-1.3.3.tgz",
      "integrity": "sha1-naGee+6NEt/wUT7Vt2lXeTvC6NQ="
    },
    "path-to-regexp": {
      "version": "0.1.7",
      "resolved": "https://proget2.firmglobal.com/npm/confirmit-npm/path-to-regexp/-/path-to-regexp-0.1.7.tgz",
      "integrity": "sha1-32BBeABfUi8V60SQ5yR6G/qmf4w="
    },
    "performance-now": {
      "version": "2.1.0",
      "resolved": "https://proget2.firmglobal.com/npm/confirmit-npm/performance-now/-/performance-now-2.1.0.tgz",
      "integrity": "sha1-Ywn04OX6kT7BxpMHrjZLSzd8nns="
    },
    "proxy-addr": {
      "version": "2.0.5",
      "resolved": "https://proget2.firmglobal.com/npm/confirmit-npm/proxy-addr/-/proxy-addr-2.0.5.tgz",
      "integrity": "sha1-NMvWSi2B9LH9IedvnwbIpFKZ7jQ=",
      "requires": {
        "forwarded": "~0.1.2",
        "ipaddr.js": "1.9.0"
      }
    },
    "psl": {
      "version": "1.3.0",
      "resolved": "https://proget2.firmglobal.com/npm/confirmit-npm/psl/-/psl-1.3.0.tgz",
      "integrity": "sha1-4ev2o7VWT6g3bz2iJ12nbYdcob0="
    },
    "punycode": {
      "version": "2.1.1",
      "resolved": "https://proget2.firmglobal.com/npm/confirmit-npm/punycode/-/punycode-2.1.1.tgz",
      "integrity": "sha1-tYsBCsQMIsVldhbI0sLALHv0eew="
    },
    "qs": {
      "version": "6.5.2",
      "resolved": "https://proget2.firmglobal.com/npm/confirmit-npm/qs/-/qs-6.5.2.tgz",
      "integrity": "sha1-yzroBuh0BERYTvFUzo7pjUA/PjY="
    },
    "range-parser": {
      "version": "1.2.1",
      "resolved": "https://proget2.firmglobal.com/npm/confirmit-npm/range-parser/-/range-parser-1.2.1.tgz",
      "integrity": "sha1-PPNwI9GZ4cJNGlW4SADC8+ZGgDE="
    },
    "raw-body": {
      "version": "2.4.0",
      "resolved": "https://proget2.firmglobal.com/npm/confirmit-npm/raw-body/-/raw-body-2.4.0.tgz",
      "integrity": "sha1-oc5vucm8NWylLoklarWQWeE9AzI=",
      "requires": {
        "bytes": "3.1.0",
        "http-errors": "1.7.2",
        "iconv-lite": "0.4.24",
        "unpipe": "1.0.0"
      }
    },
    "request": {
      "version": "2.88.0",
      "resolved": "https://proget2.firmglobal.com/npm/confirmit-npm/request/-/request-2.88.0.tgz",
      "integrity": "sha1-nC/KT301tZLv5Xx/ClXoEFIST+8=",
      "requires": {
        "aws-sign2": "~0.7.0",
        "aws4": "^1.8.0",
        "caseless": "~0.12.0",
        "combined-stream": "~1.0.6",
        "extend": "~3.0.2",
        "forever-agent": "~0.6.1",
        "form-data": "~2.3.2",
        "har-validator": "~5.1.0",
        "http-signature": "~1.2.0",
        "is-typedarray": "~1.0.0",
        "isstream": "~0.1.2",
        "json-stringify-safe": "~5.0.1",
        "mime-types": "~2.1.19",
        "oauth-sign": "~0.9.0",
        "performance-now": "^2.1.0",
        "qs": "~6.5.2",
        "safe-buffer": "^5.1.2",
        "tough-cookie": "~2.4.3",
        "tunnel-agent": "^0.6.0",
        "uuid": "^3.3.2"
      },
      "dependencies": {
        "extend": {
          "version": "3.0.2",
          "resolved": "https://proget2.firmglobal.com/npm/confirmit-npm/extend/-/extend-3.0.2.tgz",
          "integrity": "sha1-+LETa0Bx+9jrFAr/hYsQGewpFfo="
        }
      }
    },
    "require_optional": {
      "version": "1.0.1",
      "resolved": "https://proget2.firmglobal.com/npm/confirmit-npm/require_optional/-/require_optional-1.0.1.tgz",
      "integrity": "sha1-TPNaQkf2TKPfjC7yCMxJSxyo/C4=",
      "requires": {
        "resolve-from": "^2.0.0",
        "semver": "^5.1.0"
      }
    },
    "resolve-from": {
      "version": "2.0.0",
      "resolved": "https://proget2.firmglobal.com/npm/confirmit-npm/resolve-from/-/resolve-from-2.0.0.tgz",
      "integrity": "sha1-lICrIOlP+h2egKgEx+oUdhGWa1c="
    },
    "retry": {
      "version": "0.12.0",
      "resolved": "https://proget2.firmglobal.com/npm/confirmit-npm/retry/-/retry-0.12.0.tgz",
      "integrity": "sha1-G0KmJmoh8HQh0bC1S33BZ7AcATs="
    },
    "safe-buffer": {
      "version": "5.2.0",
      "resolved": "https://proget2.firmglobal.com/npm/confirmit-npm/safe-buffer/-/safe-buffer-5.2.0.tgz",
      "integrity": "sha1-t02uxJsRSPiMZLaNSbHoFcHy9Rk="
    },
    "safer-buffer": {
      "version": "2.1.2",
      "resolved": "https://proget2.firmglobal.com/npm/confirmit-npm/safer-buffer/-/safer-buffer-2.1.2.tgz",
      "integrity": "sha1-RPoWGwGHuVSd2Eu5GAL5vYOFzWo="
    },
    "semver": {
      "version": "5.7.1",
      "resolved": "https://proget2.firmglobal.com/npm/confirmit-npm/semver/-/semver-5.7.1.tgz",
      "integrity": "sha1-qVT5Ma66UI0we78Gnv8MAclhFvc="
    },
    "send": {
      "version": "0.17.1",
      "resolved": "https://proget2.firmglobal.com/npm/confirmit-npm/send/-/send-0.17.1.tgz",
      "integrity": "sha1-wdiwWfeQD3Rm3Uk4vcROEd2zdsg=",
      "requires": {
        "debug": "2.6.9",
        "depd": "~1.1.2",
        "destroy": "~1.0.4",
        "encodeurl": "~1.0.2",
        "escape-html": "~1.0.3",
        "etag": "~1.8.1",
        "fresh": "0.5.2",
        "http-errors": "~1.7.2",
        "mime": "1.6.0",
        "ms": "2.1.1",
        "on-finished": "~2.3.0",
        "range-parser": "~1.2.1",
        "statuses": "~1.5.0"
      },
      "dependencies": {
        "ms": {
          "version": "2.1.1",
          "resolved": "https://proget2.firmglobal.com/npm/confirmit-npm/ms/-/ms-2.1.1.tgz",
          "integrity": "sha1-MKWGTrPrsKZvLr5tcnrwagnYbgo="
        }
      }
    },
    "serve-static": {
      "version": "1.14.1",
      "resolved": "https://proget2.firmglobal.com/npm/confirmit-npm/serve-static/-/serve-static-1.14.1.tgz",
      "integrity": "sha1-Zm5jbcTwEPfvKZcKiKZ0MgiYsvk=",
      "requires": {
        "encodeurl": "~1.0.2",
        "escape-html": "~1.0.3",
        "parseurl": "~1.3.3",
        "send": "0.17.1"
      }
    },
    "setprototypeof": {
      "version": "1.1.1",
      "resolved": "https://proget2.firmglobal.com/npm/confirmit-npm/setprototypeof/-/setprototypeof-1.1.1.tgz",
      "integrity": "sha1-fpWsskqpL1iF4KvvW6ExMw1K5oM="
    },
    "slackbots": {
      "version": "1.2.0",
      "resolved": "https://proget2.firmglobal.com/npm/confirmit-npm/slackbots/-/slackbots-1.2.0.tgz",
      "integrity": "sha512-fld5BJ16QXavgalKbIAOIkycSObQyGXTWvjGSD/jJxI7c8lDf5aVFWWqNI2f/eAvEVU5KgaTwqmo80pHEcPZUA==",
      "requires": {
        "extend": "^2.0.1",
        "lodash": "^4.17.2",
        "request": "^2.56.0",
        "vow": "^0.4.9",
        "ws": "^1.0.1",
        "ws-heartbeat": "^1.0.4"
      }
    },
    "sshpk": {
      "version": "1.16.1",
      "resolved": "https://proget2.firmglobal.com/npm/confirmit-npm/sshpk/-/sshpk-1.16.1.tgz",
      "integrity": "sha1-+2YcC+8ps520B2nuOfpwCT1vaHc=",
      "requires": {
        "asn1": "~0.2.3",
        "assert-plus": "^1.0.0",
        "bcrypt-pbkdf": "^1.0.0",
        "dashdash": "^1.12.0",
        "ecc-jsbn": "~0.1.1",
        "getpass": "^0.1.1",
        "jsbn": "~0.1.0",
        "safer-buffer": "^2.0.2",
        "tweetnacl": "~0.14.0"
      }
    },
    "statuses": {
      "version": "1.5.0",
      "resolved": "https://proget2.firmglobal.com/npm/confirmit-npm/statuses/-/statuses-1.5.0.tgz",
      "integrity": "sha1-Fhx9rBd2Wf2YEfQ3cfqZOBR4Yow="
    },
    "toidentifier": {
      "version": "1.0.0",
      "resolved": "https://proget2.firmglobal.com/npm/confirmit-npm/toidentifier/-/toidentifier-1.0.0.tgz",
      "integrity": "sha1-fhvjRw8ed5SLxD2Uo8j013UrpVM="
    },
    "tough-cookie": {
      "version": "2.4.3",
      "resolved": "https://proget2.firmglobal.com/npm/confirmit-npm/tough-cookie/-/tough-cookie-2.4.3.tgz",
      "integrity": "sha1-U/Nto/R3g7CSWvoG/587FlKA94E=",
      "requires": {
        "psl": "^1.1.24",
        "punycode": "^1.4.1"
      },
      "dependencies": {
        "punycode": {
          "version": "1.4.1",
          "resolved": "https://proget2.firmglobal.com/npm/confirmit-npm/punycode/-/punycode-1.4.1.tgz",
          "integrity": "sha1-wNWmOycYgArY4esPpSachN1BhF4="
        }
      }
    },
    "tsscmp": {
      "version": "1.0.6",
      "resolved": "https://proget2.firmglobal.com/npm/confirmit-npm/tsscmp/-/tsscmp-1.0.6.tgz",
      "integrity": "sha1-hbmVg6w1iexL/vgltQAKqRHWBes="
    },
    "tunnel-agent": {
      "version": "0.6.0",
      "resolved": "https://proget2.firmglobal.com/npm/confirmit-npm/tunnel-agent/-/tunnel-agent-0.6.0.tgz",
      "integrity": "sha1-J6XeoGs2sEoKmWZ3SykIaPD8QP0=",
      "requires": {
        "safe-buffer": "^5.0.1"
      }
    },
    "tweetnacl": {
      "version": "0.14.5",
      "resolved": "https://proget2.firmglobal.com/npm/confirmit-npm/tweetnacl/-/tweetnacl-0.14.5.tgz",
      "integrity": "sha1-WuaBd/GS1EViadEIr6k/+HQ/T2Q="
    },
    "type-is": {
      "version": "1.6.18",
      "resolved": "https://proget2.firmglobal.com/npm/confirmit-npm/type-is/-/type-is-1.6.18.tgz",
      "integrity": "sha1-TlUs0F3wlGfcvE73Od6J8s83wTE=",
      "requires": {
        "media-typer": "0.3.0",
        "mime-types": "~2.1.24"
      }
    },
    "ultron": {
      "version": "1.0.2",
      "resolved": "https://proget2.firmglobal.com/npm/confirmit-npm/ultron/-/ultron-1.0.2.tgz",
      "integrity": "sha1-rOEWq1V80Zc4ak6I9GhTeMiy5Po="
    },
    "unpipe": {
      "version": "1.0.0",
      "resolved": "https://proget2.firmglobal.com/npm/confirmit-npm/unpipe/-/unpipe-1.0.0.tgz",
      "integrity": "sha1-sr9O6FFKrmFltIF4KdIbLvSZBOw="
    },
    "uri-js": {
      "version": "4.2.2",
      "resolved": "https://proget2.firmglobal.com/npm/confirmit-npm/uri-js/-/uri-js-4.2.2.tgz",
      "integrity": "sha1-lMVA4f93KVbiKZUHwBCupsiDjrA=",
      "requires": {
        "punycode": "^2.1.0"
      }
    },
    "utils-merge": {
      "version": "1.0.1",
      "resolved": "https://proget2.firmglobal.com/npm/confirmit-npm/utils-merge/-/utils-merge-1.0.1.tgz",
      "integrity": "sha1-n5VxD1CiZ5R7LMwSR0HBAoQn5xM="
    },
    "uuid": {
      "version": "3.3.3",
      "resolved": "https://proget2.firmglobal.com/npm/confirmit-npm/uuid/-/uuid-3.3.3.tgz",
      "integrity": "sha1-RWjwIW54dg7h2/Ok0s9T4iQRKGY="
    },
    "vary": {
      "version": "1.1.2",
      "resolved": "https://proget2.firmglobal.com/npm/confirmit-npm/vary/-/vary-1.1.2.tgz",
      "integrity": "sha1-IpnwLG3tMNSllhsLn3RSShj2NPw="
    },
    "verror": {
      "version": "1.10.0",
      "resolved": "https://proget2.firmglobal.com/npm/confirmit-npm/verror/-/verror-1.10.0.tgz",
      "integrity": "sha1-OhBcoXBTr1XW4nDB+CiGguGNpAA=",
      "requires": {
        "assert-plus": "^1.0.0",
        "core-util-is": "1.0.2",
        "extsprintf": "^1.2.0"
      }
    },
    "vow": {
      "version": "0.4.20",
      "resolved": "https://proget2.firmglobal.com/npm/confirmit-npm/vow/-/vow-0.4.20.tgz",
      "integrity": "sha512-YYoSYXUYABqY08D/WrjcWJxJSErcILRRTQpcPyUc0SFfgIPKSUFzVt7u1HC3TXGJZM/qhsSjCLNQstxqf7asgQ=="
    },
    "ws": {
      "version": "1.1.5",
      "resolved": "https://proget2.firmglobal.com/npm/confirmit-npm/ws/-/ws-1.1.5.tgz",
      "integrity": "sha1-y9nm514J/F0skAFfIfDECHXg3VE=",
      "requires": {
        "options": ">=0.0.5",
        "ultron": "1.0.x"
      }
    },
    "ws-heartbeat": {
      "version": "1.1.0",
      "resolved": "https://proget2.firmglobal.com/npm/confirmit-npm/ws-heartbeat/-/ws-heartbeat-1.1.0.tgz",
      "integrity": "sha512-OM24BT52L58vHd9BkKanurOlAKYZCEDM917GVTqQEAlU/bXkJIHJOqL5GPWEcKd+R5frla26BDSlRKrilhiImA==",
      "requires": {
        "ws": "6"
      },
      "dependencies": {
        "ws": {
          "version": "6.2.1",
          "resolved": "https://proget2.firmglobal.com/npm/confirmit-npm/ws/-/ws-6.2.1.tgz",
          "integrity": "sha1-RC/fCkftZPWbal2P8TD0dI7VJPs=",
          "requires": {
            "async-limiter": "~1.0.0"
          }
        }
      }
    }
  }
}
